// !$*UTF8*$!
{
	archiveVersion = 1;
	classes = {
	};
	objectVersion = 48;
	objects = {

/* Begin PBXBuildFile section */
		31094AAE213A4F0600CCB270 /* Airplane.png in Resources */ = {isa = PBXBuildFile; fileRef = 31094AAD213A4F0600CCB270 /* Airplane.png */; };
		311CAF59210C92B900DD8212 /* guideViewController.swift in Sources */ = {isa = PBXBuildFile; fileRef = 311CAF58210C92B900DD8212 /* guideViewController.swift */; };
		312534DB21285E280017CEC7 /* SpeedViewController.swift in Sources */ = {isa = PBXBuildFile; fileRef = 312534DA21285E280017CEC7 /* SpeedViewController.swift */; };
		312534DD2128684A0017CEC7 /* LocationViewController.swift in Sources */ = {isa = PBXBuildFile; fileRef = 312534DC2128684A0017CEC7 /* LocationViewController.swift */; };
		3129C80B21342FA400D44625 /* SecuredViewController.swift in Sources */ = {isa = PBXBuildFile; fileRef = 3129C80A21342FA400D44625 /* SecuredViewController.swift */; };
		3129C80D213438AE00D44625 /* pocket.png in Resources */ = {isa = PBXBuildFile; fileRef = 3129C80C213438AE00D44625 /* pocket.png */; };
		3129C80F21343BF900D44625 /* charging.png in Resources */ = {isa = PBXBuildFile; fileRef = 3129C80E21343BF900D44625 /* charging.png */; };
		3129C81121343CB800D44625 /* stillness.png in Resources */ = {isa = PBXBuildFile; fileRef = 3129C81021343CB800D44625 /* stillness.png */; };
		312F52F120FF894800628B24 /* alarm.mp3 in Resources */ = {isa = PBXBuildFile; fileRef = 312F52F020FF894800628B24 /* alarm.mp3 */; };
		31429D30212AEC4200ABD352 /* AudioViewController.swift in Sources */ = {isa = PBXBuildFile; fileRef = 31429D2F212AEC4200ABD352 /* AudioViewController.swift */; };
		314521B72102D35D00232CDC /* alarm-set.png in Resources */ = {isa = PBXBuildFile; fileRef = 314521B52102D35D00232CDC /* alarm-set.png */; };
		314521B82102D35D00232CDC /* alarm-clear.png in Resources */ = {isa = PBXBuildFile; fileRef = 314521B62102D35D00232CDC /* alarm-clear.png */; };
		315AA0B32161E23500C3DB2E /* theme.swift in Sources */ = {isa = PBXBuildFile; fileRef = 315AA0B22161E23500C3DB2E /* theme.swift */; };
		315D9ECC212914AD00F68E54 /* back.png in Resources */ = {isa = PBXBuildFile; fileRef = 315D9ECB212914AD00F68E54 /* back.png */; };
		316A750F20FE3215006FEA79 /* AppDelegate.swift in Sources */ = {isa = PBXBuildFile; fileRef = 316A750E20FE3215006FEA79 /* AppDelegate.swift */; };
		316A751120FE3215006FEA79 /* ViewController.swift in Sources */ = {isa = PBXBuildFile; fileRef = 316A751020FE3215006FEA79 /* ViewController.swift */; };
		316A751420FE3215006FEA79 /* Main.storyboard in Resources */ = {isa = PBXBuildFile; fileRef = 316A751220FE3215006FEA79 /* Main.storyboard */; };
		316A751620FE3215006FEA79 /* Assets.xcassets in Resources */ = {isa = PBXBuildFile; fileRef = 316A751520FE3215006FEA79 /* Assets.xcassets */; };
		316A751920FE3215006FEA79 /* LaunchScreen.storyboard in Resources */ = {isa = PBXBuildFile; fileRef = 316A751720FE3215006FEA79 /* LaunchScreen.storyboard */; };
		316A752420FE3215006FEA79 /* phoneguardTests.swift in Sources */ = {isa = PBXBuildFile; fileRef = 316A752320FE3215006FEA79 /* phoneguardTests.swift */; };
		316A752F20FE3215006FEA79 /* phoneguardUITests.swift in Sources */ = {isa = PBXBuildFile; fileRef = 316A752E20FE3215006FEA79 /* phoneguardUITests.swift */; };
		317EDA2421074B8D000C739E /* lock.mp3 in Resources */ = {isa = PBXBuildFile; fileRef = 317EDA2321074B8D000C739E /* lock.mp3 */; };
		317EDA2621075130000C739E /* unlock.mp3 in Resources */ = {isa = PBXBuildFile; fileRef = 317EDA2521075130000C739E /* unlock.mp3 */; };
		318B5C43212C2C510060784A /* AltitudeViewController.swift in Sources */ = {isa = PBXBuildFile; fileRef = 318B5C42212C2C510060784A /* AltitudeViewController.swift */; };
		31B98DA22104961D00E19BBA /* LockScreenViewController.swift in Sources */ = {isa = PBXBuildFile; fileRef = 31B98DA12104961D00E19BBA /* LockScreenViewController.swift */; };
		31B98DA42104CF9E00E19BBA /* SettingsViewController.swift in Sources */ = {isa = PBXBuildFile; fileRef = 31B98DA32104CF9E00E19BBA /* SettingsViewController.swift */; };
		31CFCD2B2156141C0009E5C2 /* en-US.strings in Resources */ = {isa = PBXBuildFile; fileRef = 31CFCD2D2156141C0009E5C2 /* en-US.strings */; };
		31D2B8C62135896A0010FAC5 /* headset.png in Resources */ = {isa = PBXBuildFile; fileRef = 31D2B8C5213589690010FAC5 /* headset.png */; };
		31D2B8C8213589E90010FAC5 /* OtherScenarioViewController.swift in Sources */ = {isa = PBXBuildFile; fileRef = 31D2B8C7213589E90010FAC5 /* OtherScenarioViewController.swift */; };
		31DBF473218EB61E00583411 /* alarm_didi.mp3 in Resources */ = {isa = PBXBuildFile; fileRef = 31DBF470218EB61E00583411 /* alarm_didi.mp3 */; };
		31DBF474218EB61E00583411 /* alarm_dudu.mp3 in Resources */ = {isa = PBXBuildFile; fileRef = 31DBF471218EB61E00583411 /* alarm_dudu.mp3 */; };
		31DBF475218EB61E00583411 /* alarm_police_car.mp3 in Resources */ = {isa = PBXBuildFile; fileRef = 31DBF472218EB61E00583411 /* alarm_police_car.mp3 */; };
		31E2F92B210A13F000962EC5 /* LicenseViewController.swift in Sources */ = {isa = PBXBuildFile; fileRef = 31E2F92A210A13F000962EC5 /* LicenseViewController.swift */; };
		31E706E62136AFFA00CDCCF9 /* BaseUIViewController.swift in Sources */ = {isa = PBXBuildFile; fileRef = 31E706E52136AFFA00CDCCF9 /* BaseUIViewController.swift */; };
		31E706E82136B92B00CDCCF9 /* BlackViewController.swift in Sources */ = {isa = PBXBuildFile; fileRef = 31E706E72136B92B00CDCCF9 /* BlackViewController.swift */; };
		31EA398B210D4ADC00529065 /* icon.png in Resources */ = {isa = PBXBuildFile; fileRef = 31EA398A210D4ADC00529065 /* icon.png */; };
		31FE937221340B9500C4AFB6 /* settings.png in Resources */ = {isa = PBXBuildFile; fileRef = 31FE937121340B9500C4AFB6 /* settings.png */; };
		31FE937721340EFD00C4AFB6 /* model-lib.png in Resources */ = {isa = PBXBuildFile; fileRef = 31FE937521340EFC00C4AFB6 /* model-lib.png */; };
		31FE937821340EFD00C4AFB6 /* toolbox.png in Resources */ = {isa = PBXBuildFile; fileRef = 31FE937621340EFC00C4AFB6 /* toolbox.png */; };
/* End PBXBuildFile section */

/* Begin PBXContainerItemProxy section */
		316A752020FE3215006FEA79 /* PBXContainerItemProxy */ = {
			isa = PBXContainerItemProxy;
			containerPortal = 316A750320FE3214006FEA79 /* Project object */;
			proxyType = 1;
			remoteGlobalIDString = 316A750A20FE3214006FEA79;
			remoteInfo = phoneguard;
		};
		316A752B20FE3215006FEA79 /* PBXContainerItemProxy */ = {
			isa = PBXContainerItemProxy;
			containerPortal = 316A750320FE3214006FEA79 /* Project object */;
			proxyType = 1;
			remoteGlobalIDString = 316A750A20FE3214006FEA79;
			remoteInfo = phoneguard;
		};
/* End PBXContainerItemProxy section */

/* Begin PBXFileReference section */
		31094AAD213A4F0600CCB270 /* Airplane.png */ = {isa = PBXFileReference; lastKnownFileType = image.png; path = Airplane.png; sourceTree = "<group>"; };
		311CAF58210C92B900DD8212 /* guideViewController.swift */ = {isa = PBXFileReference; lastKnownFileType = sourcecode.swift; path = guideViewController.swift; sourceTree = "<group>"; };
		312534DA21285E280017CEC7 /* SpeedViewController.swift */ = {isa = PBXFileReference; lastKnownFileType = sourcecode.swift; path = SpeedViewController.swift; sourceTree = "<group>"; };
		312534DC2128684A0017CEC7 /* LocationViewController.swift */ = {isa = PBXFileReference; lastKnownFileType = sourcecode.swift; path = LocationViewController.swift; sourceTree = "<group>"; };
		3129C80A21342FA400D44625 /* SecuredViewController.swift */ = {isa = PBXFileReference; lastKnownFileType = sourcecode.swift; path = SecuredViewController.swift; sourceTree = "<group>"; };
		3129C80C213438AE00D44625 /* pocket.png */ = {isa = PBXFileReference; lastKnownFileType = image.png; path = pocket.png; sourceTree = "<group>"; };
		3129C80E21343BF900D44625 /* charging.png */ = {isa = PBXFileReference; lastKnownFileType = image.png; path = charging.png; sourceTree = "<group>"; };
		3129C81021343CB800D44625 /* stillness.png */ = {isa = PBXFileReference; lastKnownFileType = image.png; path = stillness.png; sourceTree = "<group>"; };
		312F52F020FF894800628B24 /* alarm.mp3 */ = {isa = PBXFileReference; lastKnownFileType = audio.mp3; path = alarm.mp3; sourceTree = "<group>"; };
		31429D2F212AEC4200ABD352 /* AudioViewController.swift */ = {isa = PBXFileReference; lastKnownFileType = sourcecode.swift; path = AudioViewController.swift; sourceTree = "<group>"; };
		314521B52102D35D00232CDC /* alarm-set.png */ = {isa = PBXFileReference; lastKnownFileType = image.png; path = "alarm-set.png"; sourceTree = "<group>"; };
		314521B62102D35D00232CDC /* alarm-clear.png */ = {isa = PBXFileReference; lastKnownFileType = image.png; path = "alarm-clear.png"; sourceTree = "<group>"; };
		315AA0B22161E23500C3DB2E /* theme.swift */ = {isa = PBXFileReference; lastKnownFileType = sourcecode.swift; path = theme.swift; sourceTree = "<group>"; };
		315D9ECB212914AD00F68E54 /* back.png */ = {isa = PBXFileReference; lastKnownFileType = image.png; path = back.png; sourceTree = "<group>"; };
		316A750B20FE3215006FEA79 /* phoneguard.app */ = {isa = PBXFileReference; explicitFileType = wrapper.application; includeInIndex = 0; path = phoneguard.app; sourceTree = BUILT_PRODUCTS_DIR; };
		316A750E20FE3215006FEA79 /* AppDelegate.swift */ = {isa = PBXFileReference; lastKnownFileType = sourcecode.swift; path = AppDelegate.swift; sourceTree = "<group>"; };
		316A751020FE3215006FEA79 /* ViewController.swift */ = {isa = PBXFileReference; lastKnownFileType = sourcecode.swift; path = ViewController.swift; sourceTree = "<group>"; };
		316A751320FE3215006FEA79 /* Base */ = {isa = PBXFileReference; lastKnownFileType = file.storyboard; name = Base; path = Base.lproj/Main.storyboard; sourceTree = "<group>"; };
		316A751520FE3215006FEA79 /* Assets.xcassets */ = {isa = PBXFileReference; lastKnownFileType = folder.assetcatalog; path = Assets.xcassets; sourceTree = "<group>"; };
		316A751820FE3215006FEA79 /* Base */ = {isa = PBXFileReference; lastKnownFileType = file.storyboard; name = Base; path = Base.lproj/LaunchScreen.storyboard; sourceTree = "<group>"; };
		316A751A20FE3215006FEA79 /* Info.plist */ = {isa = PBXFileReference; lastKnownFileType = text.plist.xml; path = Info.plist; sourceTree = "<group>"; };
		316A751F20FE3215006FEA79 /* phoneguardTests.xctest */ = {isa = PBXFileReference; explicitFileType = wrapper.cfbundle; includeInIndex = 0; path = phoneguardTests.xctest; sourceTree = BUILT_PRODUCTS_DIR; };
		316A752320FE3215006FEA79 /* phoneguardTests.swift */ = {isa = PBXFileReference; lastKnownFileType = sourcecode.swift; path = phoneguardTests.swift; sourceTree = "<group>"; };
		316A752520FE3215006FEA79 /* Info.plist */ = {isa = PBXFileReference; lastKnownFileType = text.plist.xml; path = Info.plist; sourceTree = "<group>"; };
		316A752A20FE3215006FEA79 /* phoneguardUITests.xctest */ = {isa = PBXFileReference; explicitFileType = wrapper.cfbundle; includeInIndex = 0; path = phoneguardUITests.xctest; sourceTree = BUILT_PRODUCTS_DIR; };
		316A752E20FE3215006FEA79 /* phoneguardUITests.swift */ = {isa = PBXFileReference; lastKnownFileType = sourcecode.swift; path = phoneguardUITests.swift; sourceTree = "<group>"; };
		316A753020FE3215006FEA79 /* Info.plist */ = {isa = PBXFileReference; lastKnownFileType = text.plist.xml; path = Info.plist; sourceTree = "<group>"; };
		317EDA2321074B8D000C739E /* lock.mp3 */ = {isa = PBXFileReference; lastKnownFileType = audio.mp3; path = lock.mp3; sourceTree = "<group>"; };
		317EDA2521075130000C739E /* unlock.mp3 */ = {isa = PBXFileReference; lastKnownFileType = audio.mp3; path = unlock.mp3; sourceTree = "<group>"; };
		318B5C42212C2C510060784A /* AltitudeViewController.swift */ = {isa = PBXFileReference; lastKnownFileType = sourcecode.swift; path = AltitudeViewController.swift; sourceTree = "<group>"; };
		31B98DA12104961D00E19BBA /* LockScreenViewController.swift */ = {isa = PBXFileReference; lastKnownFileType = sourcecode.swift; path = LockScreenViewController.swift; sourceTree = "<group>"; };
		31B98DA32104CF9E00E19BBA /* SettingsViewController.swift */ = {isa = PBXFileReference; lastKnownFileType = sourcecode.swift; path = SettingsViewController.swift; sourceTree = "<group>"; };
		31CFCD2C2156141C0009E5C2 /* en */ = {isa = PBXFileReference; lastKnownFileType = text.plist.strings; name = en; path = "en.lproj/en-US.strings"; sourceTree = "<group>"; };
		31D2B8C5213589690010FAC5 /* headset.png */ = {isa = PBXFileReference; lastKnownFileType = image.png; path = headset.png; sourceTree = "<group>"; };
		31D2B8C7213589E90010FAC5 /* OtherScenarioViewController.swift */ = {isa = PBXFileReference; lastKnownFileType = sourcecode.swift; path = OtherScenarioViewController.swift; sourceTree = "<group>"; };
		31DBF470218EB61E00583411 /* alarm_didi.mp3 */ = {isa = PBXFileReference; lastKnownFileType = audio.mp3; path = alarm_didi.mp3; sourceTree = "<group>"; };
		31DBF471218EB61E00583411 /* alarm_dudu.mp3 */ = {isa = PBXFileReference; lastKnownFileType = audio.mp3; path = alarm_dudu.mp3; sourceTree = "<group>"; };
		31DBF472218EB61E00583411 /* alarm_police_car.mp3 */ = {isa = PBXFileReference; lastKnownFileType = audio.mp3; path = alarm_police_car.mp3; sourceTree = "<group>"; };
		31E2F92A210A13F000962EC5 /* LicenseViewController.swift */ = {isa = PBXFileReference; lastKnownFileType = sourcecode.swift; path = LicenseViewController.swift; sourceTree = "<group>"; };
		31E706E52136AFFA00CDCCF9 /* BaseUIViewController.swift */ = {isa = PBXFileReference; fileEncoding = 4; lastKnownFileType = sourcecode.swift; path = BaseUIViewController.swift; sourceTree = "<group>"; };
		31E706E72136B92B00CDCCF9 /* BlackViewController.swift */ = {isa = PBXFileReference; lastKnownFileType = sourcecode.swift; path = BlackViewController.swift; sourceTree = "<group>"; };
		31EA398A210D4ADC00529065 /* icon.png */ = {isa = PBXFileReference; lastKnownFileType = image.png; path = icon.png; sourceTree = "<group>"; };
		31FE937121340B9500C4AFB6 /* settings.png */ = {isa = PBXFileReference; lastKnownFileType = image.png; path = settings.png; sourceTree = "<group>"; };
		31FE937521340EFC00C4AFB6 /* model-lib.png */ = {isa = PBXFileReference; lastKnownFileType = image.png; path = "model-lib.png"; sourceTree = "<group>"; };
		31FE937621340EFC00C4AFB6 /* toolbox.png */ = {isa = PBXFileReference; lastKnownFileType = image.png; path = toolbox.png; sourceTree = "<group>"; };
/* End PBXFileReference section */

/* Begin PBXFrameworksBuildPhase section */
		316A750820FE3214006FEA79 /* Frameworks */ = {
			isa = PBXFrameworksBuildPhase;
			buildActionMask = 2147483647;
			files = (
			);
			runOnlyForDeploymentPostprocessing = 0;
		};
		316A751C20FE3215006FEA79 /* Frameworks */ = {
			isa = PBXFrameworksBuildPhase;
			buildActionMask = 2147483647;
			files = (
			);
			runOnlyForDeploymentPostprocessing = 0;
		};
		316A752720FE3215006FEA79 /* Frameworks */ = {
			isa = PBXFrameworksBuildPhase;
			buildActionMask = 2147483647;
			files = (
			);
			runOnlyForDeploymentPostprocessing = 0;
		};
/* End PBXFrameworksBuildPhase section */

/* Begin PBXGroup section */
		312F52EF20FF88D600628B24 /* Resources */ = {
			isa = PBXGroup;
			children = (
				31DBF470218EB61E00583411 /* alarm_didi.mp3 */,
				31DBF471218EB61E00583411 /* alarm_dudu.mp3 */,
				31DBF472218EB61E00583411 /* alarm_police_car.mp3 */,
				31094AAD213A4F0600CCB270 /* Airplane.png */,
				31D2B8C5213589690010FAC5 /* headset.png */,
				3129C81021343CB800D44625 /* stillness.png */,
				3129C80E21343BF900D44625 /* charging.png */,
				3129C80C213438AE00D44625 /* pocket.png */,
				31FE937521340EFC00C4AFB6 /* model-lib.png */,
				31FE937621340EFC00C4AFB6 /* toolbox.png */,
				31FE937121340B9500C4AFB6 /* settings.png */,
				315D9ECB212914AD00F68E54 /* back.png */,
				31EA398A210D4ADC00529065 /* icon.png */,
				317EDA2521075130000C739E /* unlock.mp3 */,
				317EDA2321074B8D000C739E /* lock.mp3 */,
				314521B62102D35D00232CDC /* alarm-clear.png */,
				314521B52102D35D00232CDC /* alarm-set.png */,
				312F52F020FF894800628B24 /* alarm.mp3 */,
				31CFCD2D2156141C0009E5C2 /* en-US.strings */,
			);
			path = Resources;
			sourceTree = "<group>";
		};
		316A750220FE3214006FEA79 = {
			isa = PBXGroup;
			children = (
				316A750D20FE3215006FEA79 /* phoneguard */,
				316A752220FE3215006FEA79 /* phoneguardTests */,
				316A752D20FE3215006FEA79 /* phoneguardUITests */,
				316A750C20FE3215006FEA79 /* Products */,
			);
			sourceTree = "<group>";
		};
		316A750C20FE3215006FEA79 /* Products */ = {
			isa = PBXGroup;
			children = (
				316A750B20FE3215006FEA79 /* phoneguard.app */,
				316A751F20FE3215006FEA79 /* phoneguardTests.xctest */,
				316A752A20FE3215006FEA79 /* phoneguardUITests.xctest */,
			);
			name = Products;
			sourceTree = "<group>";
		};
		316A750D20FE3215006FEA79 /* phoneguard */ = {
			isa = PBXGroup;
			children = (
				312F52EF20FF88D600628B24 /* Resources */,
				316A750E20FE3215006FEA79 /* AppDelegate.swift */,
				31E706E52136AFFA00CDCCF9 /* BaseUIViewController.swift */,
				316A751020FE3215006FEA79 /* ViewController.swift */,
				316A751220FE3215006FEA79 /* Main.storyboard */,
				316A751520FE3215006FEA79 /* Assets.xcassets */,
				316A751720FE3215006FEA79 /* LaunchScreen.storyboard */,
				316A751A20FE3215006FEA79 /* Info.plist */,
				31B98DA12104961D00E19BBA /* LockScreenViewController.swift */,
				31B98DA32104CF9E00E19BBA /* SettingsViewController.swift */,
				31E2F92A210A13F000962EC5 /* LicenseViewController.swift */,
				311CAF58210C92B900DD8212 /* guideViewController.swift */,
				312534DA21285E280017CEC7 /* SpeedViewController.swift */,
				312534DC2128684A0017CEC7 /* LocationViewController.swift */,
				31429D2F212AEC4200ABD352 /* AudioViewController.swift */,
				318B5C42212C2C510060784A /* AltitudeViewController.swift */,
				3129C80A21342FA400D44625 /* SecuredViewController.swift */,
				31D2B8C7213589E90010FAC5 /* OtherScenarioViewController.swift */,
				31E706E72136B92B00CDCCF9 /* BlackViewController.swift */,
				315AA0B22161E23500C3DB2E /* theme.swift */,
			);
			path = phoneguard;
			sourceTree = "<group>";
		};
		316A752220FE3215006FEA79 /* phoneguardTests */ = {
			isa = PBXGroup;
			children = (
				316A752320FE3215006FEA79 /* phoneguardTests.swift */,
				316A752520FE3215006FEA79 /* Info.plist */,
			);
			path = phoneguardTests;
			sourceTree = "<group>";
		};
		316A752D20FE3215006FEA79 /* phoneguardUITests */ = {
			isa = PBXGroup;
			children = (
				316A752E20FE3215006FEA79 /* phoneguardUITests.swift */,
				316A753020FE3215006FEA79 /* Info.plist */,
			);
			path = phoneguardUITests;
			sourceTree = "<group>";
		};
/* End PBXGroup section */

/* Begin PBXNativeTarget section */
		316A750A20FE3214006FEA79 /* phoneguard */ = {
			isa = PBXNativeTarget;
			buildConfigurationList = 316A753320FE3215006FEA79 /* Build configuration list for PBXNativeTarget "phoneguard" */;
			buildPhases = (
				316A750720FE3214006FEA79 /* Sources */,
				316A750820FE3214006FEA79 /* Frameworks */,
				316A750920FE3214006FEA79 /* Resources */,
			);
			buildRules = (
			);
			dependencies = (
			);
			name = phoneguard;
			productName = phoneguard;
			productReference = 316A750B20FE3215006FEA79 /* phoneguard.app */;
			productType = "com.apple.product-type.application";
		};
		316A751E20FE3215006FEA79 /* phoneguardTests */ = {
			isa = PBXNativeTarget;
			buildConfigurationList = 316A753620FE3215006FEA79 /* Build configuration list for PBXNativeTarget "phoneguardTests" */;
			buildPhases = (
				316A751B20FE3215006FEA79 /* Sources */,
				316A751C20FE3215006FEA79 /* Frameworks */,
				316A751D20FE3215006FEA79 /* Resources */,
			);
			buildRules = (
			);
			dependencies = (
				316A752120FE3215006FEA79 /* PBXTargetDependency */,
			);
			name = phoneguardTests;
			productName = phoneguardTests;
			productReference = 316A751F20FE3215006FEA79 /* phoneguardTests.xctest */;
			productType = "com.apple.product-type.bundle.unit-test";
		};
		316A752920FE3215006FEA79 /* phoneguardUITests */ = {
			isa = PBXNativeTarget;
			buildConfigurationList = 316A753920FE3215006FEA79 /* Build configuration list for PBXNativeTarget "phoneguardUITests" */;
			buildPhases = (
				316A752620FE3215006FEA79 /* Sources */,
				316A752720FE3215006FEA79 /* Frameworks */,
				316A752820FE3215006FEA79 /* Resources */,
			);
			buildRules = (
			);
			dependencies = (
				316A752C20FE3215006FEA79 /* PBXTargetDependency */,
			);
			name = phoneguardUITests;
			productName = phoneguardUITests;
			productReference = 316A752A20FE3215006FEA79 /* phoneguardUITests.xctest */;
			productType = "com.apple.product-type.bundle.ui-testing";
		};
/* End PBXNativeTarget section */

/* Begin PBXProject section */
		316A750320FE3214006FEA79 /* Project object */ = {
			isa = PBXProject;
			attributes = {
				KnownAssetTags = (
					New,
				);
				LastSwiftUpdateCheck = 0920;
				LastUpgradeCheck = 0920;
				ORGANIZATIONNAME = "蔡亚明";
				TargetAttributes = {
					316A750A20FE3214006FEA79 = {
						CreatedOnToolsVersion = 9.2;
						ProvisioningStyle = Automatic;
						SystemCapabilities = {
							com.apple.BackgroundModes = {
								enabled = 1;
							};
						};
					};
					316A751E20FE3215006FEA79 = {
						CreatedOnToolsVersion = 9.2;
						ProvisioningStyle = Automatic;
						TestTargetID = 316A750A20FE3214006FEA79;
					};
					316A752920FE3215006FEA79 = {
						CreatedOnToolsVersion = 9.2;
						ProvisioningStyle = Automatic;
						TestTargetID = 316A750A20FE3214006FEA79;
					};
				};
			};
			buildConfigurationList = 316A750620FE3214006FEA79 /* Build configuration list for PBXProject "phoneguard" */;
			compatibilityVersion = "Xcode 8.0";
			developmentRegion = en;
			hasScannedForEncodings = 0;
			knownRegions = (
				en,
				Base,
			);
			mainGroup = 316A750220FE3214006FEA79;
			productRefGroup = 316A750C20FE3215006FEA79 /* Products */;
			projectDirPath = "";
			projectRoot = "";
			targets = (
				316A750A20FE3214006FEA79 /* phoneguard */,
				316A751E20FE3215006FEA79 /* phoneguardTests */,
				316A752920FE3215006FEA79 /* phoneguardUITests */,
			);
		};
/* End PBXProject section */

/* Begin PBXResourcesBuildPhase section */
		316A750920FE3214006FEA79 /* Resources */ = {
			isa = PBXResourcesBuildPhase;
			buildActionMask = 2147483647;
			files = (
				312F52F120FF894800628B24 /* alarm.mp3 in Resources */,
				31FE937721340EFD00C4AFB6 /* model-lib.png in Resources */,
				31D2B8C62135896A0010FAC5 /* headset.png in Resources */,
				3129C80F21343BF900D44625 /* charging.png in Resources */,
				3129C80D213438AE00D44625 /* pocket.png in Resources */,
				316A751920FE3215006FEA79 /* LaunchScreen.storyboard in Resources */,
				31DBF473218EB61E00583411 /* alarm_didi.mp3 in Resources */,
				31EA398B210D4ADC00529065 /* icon.png in Resources */,
				31FE937221340B9500C4AFB6 /* settings.png in Resources */,
				317EDA2621075130000C739E /* unlock.mp3 in Resources */,
				316A751620FE3215006FEA79 /* Assets.xcassets in Resources */,
				31DBF475218EB61E00583411 /* alarm_police_car.mp3 in Resources */,
				31FE937821340EFD00C4AFB6 /* toolbox.png in Resources */,
				317EDA2421074B8D000C739E /* lock.mp3 in Resources */,
				315D9ECC212914AD00F68E54 /* back.png in Resources */,
				3129C81121343CB800D44625 /* stillness.png in Resources */,
				314521B82102D35D00232CDC /* alarm-clear.png in Resources */,
				316A751420FE3215006FEA79 /* Main.storyboard in Resources */,
				31CFCD2B2156141C0009E5C2 /* en-US.strings in Resources */,
				314521B72102D35D00232CDC /* alarm-set.png in Resources */,
				31094AAE213A4F0600CCB270 /* Airplane.png in Resources */,
				31DBF474218EB61E00583411 /* alarm_dudu.mp3 in Resources */,
			);
			runOnlyForDeploymentPostprocessing = 0;
		};
		316A751D20FE3215006FEA79 /* Resources */ = {
			isa = PBXResourcesBuildPhase;
			buildActionMask = 2147483647;
			files = (
			);
			runOnlyForDeploymentPostprocessing = 0;
		};
		316A752820FE3215006FEA79 /* Resources */ = {
			isa = PBXResourcesBuildPhase;
			buildActionMask = 2147483647;
			files = (
			);
			runOnlyForDeploymentPostprocessing = 0;
		};
/* End PBXResourcesBuildPhase section */

/* Begin PBXSourcesBuildPhase section */
		316A750720FE3214006FEA79 /* Sources */ = {
			isa = PBXSourcesBuildPhase;
			buildActionMask = 2147483647;
			files = (
				312534DD2128684A0017CEC7 /* LocationViewController.swift in Sources */,
				316A751120FE3215006FEA79 /* ViewController.swift in Sources */,
				312534DB21285E280017CEC7 /* SpeedViewController.swift in Sources */,
				31D2B8C8213589E90010FAC5 /* OtherScenarioViewController.swift in Sources */,
				311CAF59210C92B900DD8212 /* guideViewController.swift in Sources */,
				318B5C43212C2C510060784A /* AltitudeViewController.swift in Sources */,
				3129C80B21342FA400D44625 /* SecuredViewController.swift in Sources */,
				315AA0B32161E23500C3DB2E /* theme.swift in Sources */,
				31E706E62136AFFA00CDCCF9 /* BaseUIViewController.swift in Sources */,
				31E2F92B210A13F000962EC5 /* LicenseViewController.swift in Sources */,
				31429D30212AEC4200ABD352 /* AudioViewController.swift in Sources */,
				31E706E82136B92B00CDCCF9 /* BlackViewController.swift in Sources */,
				31B98DA22104961D00E19BBA /* LockScreenViewController.swift in Sources */,
				316A750F20FE3215006FEA79 /* AppDelegate.swift in Sources */,
				31B98DA42104CF9E00E19BBA /* SettingsViewController.swift in Sources */,
			);
			runOnlyForDeploymentPostprocessing = 0;
		};
		316A751B20FE3215006FEA79 /* Sources */ = {
			isa = PBXSourcesBuildPhase;
			buildActionMask = 2147483647;
			files = (
				316A752420FE3215006FEA79 /* phoneguardTests.swift in Sources */,
			);
			runOnlyForDeploymentPostprocessing = 0;
		};
		316A752620FE3215006FEA79 /* Sources */ = {
			isa = PBXSourcesBuildPhase;
			buildActionMask = 2147483647;
			files = (
				316A752F20FE3215006FEA79 /* phoneguardUITests.swift in Sources */,
			);
			runOnlyForDeploymentPostprocessing = 0;
		};
/* End PBXSourcesBuildPhase section */

/* Begin PBXTargetDependency section */
		316A752120FE3215006FEA79 /* PBXTargetDependency */ = {
			isa = PBXTargetDependency;
			target = 316A750A20FE3214006FEA79 /* phoneguard */;
			targetProxy = 316A752020FE3215006FEA79 /* PBXContainerItemProxy */;
		};
		316A752C20FE3215006FEA79 /* PBXTargetDependency */ = {
			isa = PBXTargetDependency;
			target = 316A750A20FE3214006FEA79 /* phoneguard */;
			targetProxy = 316A752B20FE3215006FEA79 /* PBXContainerItemProxy */;
		};
/* End PBXTargetDependency section */

/* Begin PBXVariantGroup section */
		316A751220FE3215006FEA79 /* Main.storyboard */ = {
			isa = PBXVariantGroup;
			children = (
				316A751320FE3215006FEA79 /* Base */,
			);
			name = Main.storyboard;
			sourceTree = "<group>";
		};
		316A751720FE3215006FEA79 /* LaunchScreen.storyboard */ = {
			isa = PBXVariantGroup;
			children = (
				316A751820FE3215006FEA79 /* Base */,
			);
			name = LaunchScreen.storyboard;
			sourceTree = "<group>";
		};
		31CFCD2D2156141C0009E5C2 /* en-US.strings */ = {
			isa = PBXVariantGroup;
			children = (
				31CFCD2C2156141C0009E5C2 /* en */,
			);
			name = "en-US.strings";
			sourceTree = "<group>";
		};
/* End PBXVariantGroup section */

/* Begin XCBuildConfiguration section */
		316A753120FE3215006FEA79 /* Debug */ = {
			isa = XCBuildConfiguration;
			buildSettings = {
				ALWAYS_SEARCH_USER_PATHS = NO;
				CLANG_ANALYZER_NONNULL = YES;
				CLANG_ANALYZER_NUMBER_OBJECT_CONVERSION = YES_AGGRESSIVE;
				CLANG_CXX_LANGUAGE_STANDARD = "gnu++14";
				CLANG_CXX_LIBRARY = "libc++";
				CLANG_ENABLE_MODULES = YES;
				CLANG_ENABLE_OBJC_ARC = YES;
				CLANG_WARN_BLOCK_CAPTURE_AUTORELEASING = YES;
				CLANG_WARN_BOOL_CONVERSION = YES;
				CLANG_WARN_COMMA = YES;
				CLANG_WARN_CONSTANT_CONVERSION = YES;
				CLANG_WARN_DIRECT_OBJC_ISA_USAGE = YES_ERROR;
				CLANG_WARN_DOCUMENTATION_COMMENTS = YES;
				CLANG_WARN_EMPTY_BODY = YES;
				CLANG_WARN_ENUM_CONVERSION = YES;
				CLANG_WARN_INFINITE_RECURSION = YES;
				CLANG_WARN_INT_CONVERSION = YES;
				CLANG_WARN_NON_LITERAL_NULL_CONVERSION = YES;
				CLANG_WARN_OBJC_LITERAL_CONVERSION = YES;
				CLANG_WARN_OBJC_ROOT_CLASS = YES_ERROR;
				CLANG_WARN_RANGE_LOOP_ANALYSIS = YES;
				CLANG_WARN_STRICT_PROTOTYPES = YES;
				CLANG_WARN_SUSPICIOUS_MOVE = YES;
				CLANG_WARN_UNGUARDED_AVAILABILITY = YES_AGGRESSIVE;
				CLANG_WARN_UNREACHABLE_CODE = YES;
				CLANG_WARN__DUPLICATE_METHOD_MATCH = YES;
				CODE_SIGN_IDENTITY = "iPhone Developer";
				COPY_PHASE_STRIP = NO;
				DEBUG_INFORMATION_FORMAT = dwarf;
				ENABLE_STRICT_OBJC_MSGSEND = YES;
				ENABLE_TESTABILITY = YES;
				GCC_C_LANGUAGE_STANDARD = gnu11;
				GCC_DYNAMIC_NO_PIC = NO;
				GCC_NO_COMMON_BLOCKS = YES;
				GCC_OPTIMIZATION_LEVEL = 0;
				GCC_PREPROCESSOR_DEFINITIONS = (
					"DEBUG=1",
					"$(inherited)",
				);
				GCC_WARN_64_TO_32_BIT_CONVERSION = YES;
				GCC_WARN_ABOUT_RETURN_TYPE = YES_ERROR;
				GCC_WARN_UNDECLARED_SELECTOR = YES;
				GCC_WARN_UNINITIALIZED_AUTOS = YES_AGGRESSIVE;
				GCC_WARN_UNUSED_FUNCTION = YES;
				GCC_WARN_UNUSED_VARIABLE = YES;
				IPHONEOS_DEPLOYMENT_TARGET = 11.2;
				MTL_ENABLE_DEBUG_INFO = YES;
				ONLY_ACTIVE_ARCH = YES;
				SDKROOT = iphoneos;
				SWIFT_ACTIVE_COMPILATION_CONDITIONS = DEBUG;
				SWIFT_OPTIMIZATION_LEVEL = "-Onone";
			};
			name = Debug;
		};
		316A753220FE3215006FEA79 /* Release */ = {
			isa = XCBuildConfiguration;
			buildSettings = {
				ALWAYS_SEARCH_USER_PATHS = NO;
				CLANG_ANALYZER_NONNULL = YES;
				CLANG_ANALYZER_NUMBER_OBJECT_CONVERSION = YES_AGGRESSIVE;
				CLANG_CXX_LANGUAGE_STANDARD = "gnu++14";
				CLANG_CXX_LIBRARY = "libc++";
				CLANG_ENABLE_MODULES = YES;
				CLANG_ENABLE_OBJC_ARC = YES;
				CLANG_WARN_BLOCK_CAPTURE_AUTORELEASING = YES;
				CLANG_WARN_BOOL_CONVERSION = YES;
				CLANG_WARN_COMMA = YES;
				CLANG_WARN_CONSTANT_CONVERSION = YES;
				CLANG_WARN_DIRECT_OBJC_ISA_USAGE = YES_ERROR;
				CLANG_WARN_DOCUMENTATION_COMMENTS = YES;
				CLANG_WARN_EMPTY_BODY = YES;
				CLANG_WARN_ENUM_CONVERSION = YES;
				CLANG_WARN_INFINITE_RECURSION = YES;
				CLANG_WARN_INT_CONVERSION = YES;
				CLANG_WARN_NON_LITERAL_NULL_CONVERSION = YES;
				CLANG_WARN_OBJC_LITERAL_CONVERSION = YES;
				CLANG_WARN_OBJC_ROOT_CLASS = YES_ERROR;
				CLANG_WARN_RANGE_LOOP_ANALYSIS = YES;
				CLANG_WARN_STRICT_PROTOTYPES = YES;
				CLANG_WARN_SUSPICIOUS_MOVE = YES;
				CLANG_WARN_UNGUARDED_AVAILABILITY = YES_AGGRESSIVE;
				CLANG_WARN_UNREACHABLE_CODE = YES;
				CLANG_WARN__DUPLICATE_METHOD_MATCH = YES;
				CODE_SIGN_IDENTITY = "iPhone Developer";
				COPY_PHASE_STRIP = NO;
				DEBUG_INFORMATION_FORMAT = "dwarf-with-dsym";
				ENABLE_NS_ASSERTIONS = NO;
				ENABLE_STRICT_OBJC_MSGSEND = YES;
				GCC_C_LANGUAGE_STANDARD = gnu11;
				GCC_NO_COMMON_BLOCKS = YES;
				GCC_WARN_64_TO_32_BIT_CONVERSION = YES;
				GCC_WARN_ABOUT_RETURN_TYPE = YES_ERROR;
				GCC_WARN_UNDECLARED_SELECTOR = YES;
				GCC_WARN_UNINITIALIZED_AUTOS = YES_AGGRESSIVE;
				GCC_WARN_UNUSED_FUNCTION = YES;
				GCC_WARN_UNUSED_VARIABLE = YES;
				IPHONEOS_DEPLOYMENT_TARGET = 11.2;
				MTL_ENABLE_DEBUG_INFO = NO;
				SDKROOT = iphoneos;
				SWIFT_OPTIMIZATION_LEVEL = "-Owholemodule";
				VALIDATE_PRODUCT = YES;
			};
			name = Release;
		};
		316A753420FE3215006FEA79 /* Debug */ = {
			isa = XCBuildConfiguration;
			buildSettings = {
				ASSETCATALOG_COMPILER_APPICON_NAME = AppIcon;
				CODE_SIGN_STYLE = Automatic;
				DEVELOPMENT_TEAM = AYDHM4C938;
				INFOPLIST_FILE = phoneguard/Info.plist;
				IPHONEOS_DEPLOYMENT_TARGET = 9.0;
				LD_RUNPATH_SEARCH_PATHS = "$(inherited) @executable_path/Frameworks";
				MTL_ENABLE_DEBUG_INFO = NO;
				PRODUCT_BUNDLE_IDENTIFIER = com.cdtech.phoneguard;
				PRODUCT_NAME = "$(TARGET_NAME)";
				SWIFT_VERSION = 4.0;
				TARGETED_DEVICE_FAMILY = 1;
			};
			name = Debug;
		};
		316A753520FE3215006FEA79 /* Release */ = {
			isa = XCBuildConfiguration;
			buildSettings = {
				ASSETCATALOG_COMPILER_APPICON_NAME = AppIcon;
				CODE_SIGN_STYLE = Automatic;
				DEVELOPMENT_TEAM = AYDHM4C938;
				INFOPLIST_FILE = phoneguard/Info.plist;
				IPHONEOS_DEPLOYMENT_TARGET = 9.0;
				LD_RUNPATH_SEARCH_PATHS = "$(inherited) @executable_path/Frameworks";
				MTL_ENABLE_DEBUG_INFO = YES;
				PRODUCT_BUNDLE_IDENTIFIER = com.cdtech.phoneguard;
				PRODUCT_NAME = "$(TARGET_NAME)";
				SWIFT_VERSION = 4.0;
				TARGETED_DEVICE_FAMILY = 1;
			};
			name = Release;
		};
		316A753720FE3215006FEA79 /* Debug */ = {
			isa = XCBuildConfiguration;
			buildSettings = {
				ALWAYS_EMBED_SWIFT_STANDARD_LIBRARIES = YES;
				BUNDLE_LOADER = "$(TEST_HOST)";
				CODE_SIGN_STYLE = Automatic;
				DEVELOPMENT_TEAM = AYDHM4C938;
				INFOPLIST_FILE = phoneguardTests/Info.plist;
				LD_RUNPATH_SEARCH_PATHS = "$(inherited) @executable_path/Frameworks @loader_path/Frameworks";
				PRODUCT_BUNDLE_IDENTIFIER = com.cdtech.phoneguardTests;
				PRODUCT_NAME = "$(TARGET_NAME)";
				SWIFT_VERSION = 4.0;
				TARGETED_DEVICE_FAMILY = "1,2";
				TEST_HOST = "$(BUILT_PRODUCTS_DIR)/phoneguard.app/phoneguard";
			};
			name = Debug;
		};
		316A753820FE3215006FEA79 /* Release */ = {
			isa = XCBuildConfiguration;
			buildSettings = {
				ALWAYS_EMBED_SWIFT_STANDARD_LIBRARIES = YES;
				BUNDLE_LOADER = "$(TEST_HOST)";
				CODE_SIGN_STYLE = Automatic;
				DEVELOPMENT_TEAM = AYDHM4C938;
				INFOPLIST_FILE = phoneguardTests/Info.plist;
				LD_RUNPATH_SEARCH_PATHS = "$(inherited) @executable_path/Frameworks @loader_path/Frameworks";
				PRODUCT_BUNDLE_IDENTIFIER = com.cdtech.phoneguardTests;
				PRODUCT_NAME = "$(TARGET_NAME)";
				SWIFT_VERSION = 4.0;
				TARGETED_DEVICE_FAMILY = "1,2";
				TEST_HOST = "$(BUILT_PRODUCTS_DIR)/phoneguard.app/phoneguard";
			};
			name = Release;
		};
		316A753A20FE3215006FEA79 /* Debug */ = {
			isa = XCBuildConfiguration;
			buildSettings = {
				ALWAYS_EMBED_SWIFT_STANDARD_LIBRARIES = YES;
				CODE_SIGN_STYLE = Automatic;
				DEVELOPMENT_TEAM = AYDHM4C938;
				INFOPLIST_FILE = phoneguardUITests/Info.plist;
				LD_RUNPATH_SEARCH_PATHS = "$(inherited) @executable_path/Frameworks @loader_path/Frameworks";
				PRODUCT_BUNDLE_IDENTIFIER = com.cdtech.phoneguardUITests;
				PRODUCT_NAME = "$(TARGET_NAME)";
				SWIFT_VERSION = 4.0;
				TARGETED_DEVICE_FAMILY = "1,2";
				TEST_TARGET_NAME = phoneguard;
			};
			name = Debug;
		};
		316A753B20FE3215006FEA79 /* Release */ = {
			isa = XCBuildConfiguration;
			buildSettings = {
				ALWAYS_EMBED_SWIFT_STANDARD_LIBRARIES = YES;
				CODE_SIGN_STYLE = Automatic;
				DEVELOPMENT_TEAM = AYDHM4C938;
				INFOPLIST_FILE = phoneguardUITests/Info.plist;
				LD_RUNPATH_SEARCH_PATHS = "$(inherited) @executable_path/Frameworks @loader_path/Frameworks";
				PRODUCT_BUNDLE_IDENTIFIER = com.cdtech.phoneguardUITests;
				PRODUCT_NAME = "$(TARGET_NAME)";
				SWIFT_VERSION = 4.0;
				TARGETED_DEVICE_FAMILY = "1,2";
				TEST_TARGET_NAME = phoneguard;
			};
			name = Release;
		};
/* End XCBuildConfiguration section */

/* Begin XCConfigurationList section */
		316A750620FE3214006FEA79 /* Build configuration list for PBXProject "phoneguard" */ = {
			isa = XCConfigurationList;
			buildConfigurations = (
				316A753120FE3215006FEA79 /* Debug */,
				316A753220FE3215006FEA79 /* Release */,
			);
			defaultConfigurationIsVisible = 0;
			defaultConfigurationName = Release;
		};
		316A753320FE3215006FEA79 /* Build configuration list for PBXNativeTarget "phoneguard" */ = {
			isa = XCConfigurationList;
			buildConfigurations = (
				316A753420FE3215006FEA79 /* Debug */,
				316A753520FE3215006FEA79 /* Release */,
			);
			defaultConfigurationIsVisible = 0;
			defaultConfigurationName = Release;
		};
		316A753620FE3215006FEA79 /* Build configuration list for PBXNativeTarget "phoneguardTests" */ = {
			isa = XCConfigurationList;
			buildConfigurations = (
				316A753720FE3215006FEA79 /* Debug */,
				316A753820FE3215006FEA79 /* Release */,
			);
			defaultConfigurationIsVisible = 0;
			defaultConfigurationName = Release;
		};
		316A753920FE3215006FEA79 /* Build configuration list for PBXNativeTarget "phoneguardUITests" */ = {
			isa = XCConfigurationList;
			buildConfigurations = (
				316A753A20FE3215006FEA79 /* Debug */,
				316A753B20FE3215006FEA79 /* Release */,
			);
			defaultConfigurationIsVisible = 0;
			defaultConfigurationName = Release;
		};
/* End XCConfigurationList section */
	};
	rootObject = 316A750320FE3214006FEA79 /* Project object */;
}
